{
  "requires": true,
  "lockfileVersion": 1,
  "dependencies": {
    "@material/animation": {
      "version": "11.0.0",
      "resolved": "https://registry.npmjs.org/@material/animation/-/animation-11.0.0.tgz",
      "integrity": "sha512-pAJRl0ySvfOzqyGUme27tPf1LbqrjSTK4g5kngpXOPAIQdYYx89QLAfcqHONSpvXO7/WP+Kc9zJ3WWxbUaG8Wg==",
      "requires": {
        "tslib": "^2.1.0"
      }
    },
    "@material/base": {
      "version": "11.0.0",
      "resolved": "https://registry.npmjs.org/@material/base/-/base-11.0.0.tgz",
      "integrity": "sha512-GTybYdiWBoEyYQ3he8cEeuXe5mPq2peFX41rBsMrs516TGDxrVJrEAKNedydhtpfRBsZRreTXMLZtbGrZzfIFQ==",
      "requires": {
        "tslib": "^2.1.0"
      }
    },
    "@material/button": {
      "version": "11.0.0",
      "resolved": "https://registry.npmjs.org/@material/button/-/button-11.0.0.tgz",
      "integrity": "sha512-KqqxEcsj8jBkV1yNEiPoHiB1AJBa/1OGm7H+hF+C3RUTIrRLew8IuRL1ZY38ukdHvhno1/qmVMKOs6ui0mxjlg==",
      "requires": {
        "@material/density": "^11.0.0",
        "@material/dom": "^11.0.0",
        "@material/elevation": "^11.0.0",
        "@material/feature-targeting": "^11.0.0",
        "@material/ripple": "^11.0.0",
        "@material/rtl": "^11.0.0",
        "@material/shape": "^11.0.0",
        "@material/theme": "^11.0.0",
        "@material/touch-target": "^11.0.0",
        "@material/typography": "^11.0.0",
        "tslib": "^2.1.0"
      }
    },
    "@material/checkbox": {
      "version": "11.0.0",
      "resolved": "https://registry.npmjs.org/@material/checkbox/-/checkbox-11.0.0.tgz",
      "integrity": "sha512-vHBG9hK+I6SAn2H1/5u5PUscsHMGc2525QLWeWoZ5VRj6TKtxJ8WKZaPZKea7iwJwKYoe4sI9hOFjE1QQAL/tg==",
      "requires": {
        "@material/animation": "^11.0.0",
        "@material/base": "^11.0.0",
        "@material/density": "^11.0.0",
        "@material/dom": "^11.0.0",
        "@material/feature-targeting": "^11.0.0",
        "@material/ripple": "^11.0.0",
        "@material/theme": "^11.0.0",
        "@material/touch-target": "^11.0.0",
        "tslib": "^2.1.0"
      }
    },
    "@material/data-table": {
      "version": "11.0.0",
      "resolved": "https://registry.npmjs.org/@material/data-table/-/data-table-11.0.0.tgz",
      "integrity": "sha512-xPpfBrnV8+Hqa/H68+wKTeg0yAFRqf9MNX3sdtp3SHLlzY66It78cUwjKMAyl+J365ayLQMRoca+Ahf1bUvAfg==",
      "requires": {
        "@material/animation": "^11.0.0",
        "@material/base": "^11.0.0",
        "@material/checkbox": "^11.0.0",
        "@material/density": "^11.0.0",
        "@material/dom": "^11.0.0",
        "@material/elevation": "^11.0.0",
        "@material/feature-targeting": "^11.0.0",
        "@material/icon-button": "^11.0.0",
        "@material/linear-progress": "^11.0.0",
        "@material/list": "^11.0.0",
        "@material/menu": "^11.0.0",
        "@material/rtl": "^11.0.0",
        "@material/select": "^11.0.0",
        "@material/shape": "^11.0.0",
        "@material/theme": "^11.0.0",
        "@material/touch-target": "^11.0.0",
        "@material/typography": "^11.0.0",
        "tslib": "^2.1.0"
      }
    },
    "@material/density": {
      "version": "11.0.0",
      "resolved": "https://registry.npmjs.org/@material/density/-/density-11.0.0.tgz",
      "integrity": "sha512-FuSx0UukH7p9cIAxEg78zwL5iYuoa/YovyHuuEEudyhWsRH+u0KBSQlYWr+ykg//qZF6urlDrVmu7WAKi1SiCw==",
      "requires": {
        "tslib": "^2.1.0"
      }
    },
    "@material/dom": {
      "version": "11.0.0",
      "resolved": "https://registry.npmjs.org/@material/dom/-/dom-11.0.0.tgz",
      "integrity": "sha512-LZdg6VmYnMXc/Ct/GdQ22o4m3UgjhZYQIrwu9Iebqchx0Vd2OTmcFN5nArHSCSgUEhpjpPlkbZmjOpeOAwiKZg==",
      "requires": {
        "@material/feature-targeting": "^11.0.0",
        "tslib": "^2.1.0"
      }
    },
    "@material/elevation": {
      "version": "11.0.0",
      "resolved": "https://registry.npmjs.org/@material/elevation/-/elevation-11.0.0.tgz",
      "integrity": "sha512-mgrUSBAdXJ1+VS/SWnu/gr9/nq7P1q5X3aDmoom2EPKauEeKhuAHjABI5duxHOrliZM3mK9VLO56D/tszb7spw==",
      "requires": {
        "@material/animation": "^11.0.0",
        "@material/base": "^11.0.0",
        "@material/feature-targeting": "^11.0.0",
        "@material/theme": "^11.0.0",
        "tslib": "^2.1.0"
      }
    },
    "@material/feature-targeting": {
      "version": "11.0.0",
      "resolved": "https://registry.npmjs.org/@material/feature-targeting/-/feature-targeting-11.0.0.tgz",
      "integrity": "sha512-7/jdaHm7C16Eq02tDQ1iI+giWKgk+QRNWFrmGKzHfXbU604XwY/eSLSiVS8QI01vx9QZ0aO9K84m0yhQQNQQtg==",
      "requires": {
        "tslib": "^2.1.0"
      }
    },
    "@material/floating-label": {
      "version": "11.0.0",
      "resolved": "https://registry.npmjs.org/@material/floating-label/-/floating-label-11.0.0.tgz",
      "integrity": "sha512-sY/ijV06cU0y9+1OB122d6z2AuxLzjQgQGVq9dFLoVRL6jhV2HgOxGF/3cvZsgGGsv2liXagkmQ02jBV1ypvgA==",
      "requires": {
        "@material/animation": "^11.0.0",
        "@material/base": "^11.0.0",
        "@material/dom": "^11.0.0",
        "@material/feature-targeting": "^11.0.0",
        "@material/rtl": "^11.0.0",
        "@material/theme": "^11.0.0",
        "@material/typography": "^11.0.0",
        "tslib": "^2.1.0"
      }
    },
    "@material/icon-button": {
      "version": "11.0.0",
      "resolved": "https://registry.npmjs.org/@material/icon-button/-/icon-button-11.0.0.tgz",
      "integrity": "sha512-rlX/RWOD9ZJznva2MDNRnau9/PnqepxKcHTG4YirkgQwe0m6dqdabzXfeTrorRsJNMSicaYlRV1SwGPShZk3CQ==",
      "requires": {
        "@material/base": "^11.0.0",
        "@material/density": "^11.0.0",
        "@material/feature-targeting": "^11.0.0",
        "@material/ripple": "^11.0.0",
        "@material/rtl": "^11.0.0",
        "@material/theme": "^11.0.0",
        "tslib": "^2.1.0"
      }
    },
    "@material/line-ripple": {
      "version": "11.0.0",
      "resolved": "https://registry.npmjs.org/@material/line-ripple/-/line-ripple-11.0.0.tgz",
      "integrity": "sha512-ws0p28hfG5P7RuCJZhHBDhPd/pYusszwRWMa1xkATxCjdCDc9hC9RIsUb6eIG9/iwpYnLNRvIoR5iF+01rVhow==",
      "requires": {
        "@material/animation": "^11.0.0",
        "@material/base": "^11.0.0",
        "@material/feature-targeting": "^11.0.0",
        "@material/theme": "^11.0.0",
        "tslib": "^2.1.0"
      }
    },
    "@material/linear-progress": {
      "version": "11.0.0",
      "resolved": "https://registry.npmjs.org/@material/linear-progress/-/linear-progress-11.0.0.tgz",
      "integrity": "sha512-lYXZ58FGF16nhkoLEIs8W52zj8/Ti5d+0mL7L8FGG9m66wtizD9FWO/r2dngKYl4t1tpqGMRfqTgOkdGWaRfwQ==",
      "requires": {
        "@material/animation": "^11.0.0",
        "@material/base": "^11.0.0",
        "@material/feature-targeting": "^11.0.0",
        "@material/progress-indicator": "^11.0.0",
        "@material/rtl": "^11.0.0",
        "@material/theme": "^11.0.0",
        "tslib": "^2.1.0"
      }
    },
    "@material/list": {
      "version": "11.0.0",
      "resolved": "https://registry.npmjs.org/@material/list/-/list-11.0.0.tgz",
      "integrity": "sha512-WLOXa9acB4FxPn6rQzo+pNAljhKNwv8MvP/w+bQ6TARtXaO8/SbvPJZOoxgTLkekGHEoBW+aCH+kVlgTWDYf2w==",
      "requires": {
        "@material/base": "^11.0.0",
        "@material/density": "^11.0.0",
        "@material/dom": "^11.0.0",
        "@material/feature-targeting": "^11.0.0",
        "@material/ripple": "^11.0.0",
        "@material/rtl": "^11.0.0",
        "@material/shape": "^11.0.0",
        "@material/theme": "^11.0.0",
        "@material/typography": "^11.0.0",
        "tslib": "^2.1.0"
      }
    },
    "@material/menu": {
      "version": "11.0.0",
      "resolved": "https://registry.npmjs.org/@material/menu/-/menu-11.0.0.tgz",
      "integrity": "sha512-PnGNVLgvkvBaXBNi+QkSos6Y64DIpf7IW9Ep2tUxL42uQ6aaip2emND3kXNeDzXxhIGI2mm+PnbYXdDpQCdsfw==",
      "requires": {
        "@material/base": "^11.0.0",
        "@material/dom": "^11.0.0",
        "@material/elevation": "^11.0.0",
        "@material/feature-targeting": "^11.0.0",
        "@material/list": "^11.0.0",
        "@material/menu-surface": "^11.0.0",
        "@material/ripple": "^11.0.0",
        "@material/rtl": "^11.0.0",
        "@material/theme": "^11.0.0",
        "tslib": "^2.1.0"
      }
    },
    "@material/menu-surface": {
      "version": "11.0.0",
      "resolved": "https://registry.npmjs.org/@material/menu-surface/-/menu-surface-11.0.0.tgz",
      "integrity": "sha512-/dFaaxUR3PSlv+0aqMGx+8Dp8+D3ToEmtAhHWbCHXHf1wl5rvOIp1A8ByOtZ0mvOwUXB8B8yN+TVFlj6Ey0B3A==",
      "requires": {
        "@material/animation": "^11.0.0",
        "@material/base": "^11.0.0",
        "@material/elevation": "^11.0.0",
        "@material/feature-targeting": "^11.0.0",
        "@material/rtl": "^11.0.0",
        "@material/shape": "^11.0.0",
        "@material/theme": "^11.0.0",
        "tslib": "^2.1.0"
      }
    },
    "@material/notched-outline": {
      "version": "11.0.0",
      "resolved": "https://registry.npmjs.org/@material/notched-outline/-/notched-outline-11.0.0.tgz",
      "integrity": "sha512-GwYFIRA6raFljNARmEpIcIjHztjKD8wcDf+6xl1WezsprGd/Qdzq59/VX76y1et8ZkkL0+fE+4dEaVpCHq/e8A==",
      "requires": {
        "@material/base": "^11.0.0",
        "@material/feature-targeting": "^11.0.0",
        "@material/floating-label": "^11.0.0",
        "@material/rtl": "^11.0.0",
        "@material/shape": "^11.0.0",
        "@material/theme": "^11.0.0",
        "tslib": "^2.1.0"
      }
    },
    "@material/progress-indicator": {
      "version": "11.0.0",
      "resolved": "https://registry.npmjs.org/@material/progress-indicator/-/progress-indicator-11.0.0.tgz",
      "integrity": "sha512-XvLfilg2Ew6gfb0BCWEVuTn6VqBQ7LhZngEakiwoEe2ImoOSFHSBQ8sg177cSvsbUf4c2MnYN0UepfivKGaagg==",
      "requires": {
        "tslib": "^2.1.0"
      }
    },
    "@material/ripple": {
      "version": "11.0.0",
      "resolved": "https://registry.npmjs.org/@material/ripple/-/ripple-11.0.0.tgz",
      "integrity": "sha512-672zAsYaL8aS861VgfEPL4sFMkFe0psiSc+4DfUTq7Nanl4e1gcarzzHZAn5IExUNk3/5QybDiXV+dbaL/0NjQ==",
      "requires": {
        "@material/animation": "^11.0.0",
        "@material/base": "^11.0.0",
        "@material/dom": "^11.0.0",
        "@material/feature-targeting": "^11.0.0",
        "@material/theme": "^11.0.0",
        "tslib": "^2.1.0"
      }
    },
    "@material/rtl": {
      "version": "11.0.0",
      "resolved": "https://registry.npmjs.org/@material/rtl/-/rtl-11.0.0.tgz",
      "integrity": "sha512-FcS8+N9MhnC0Wdd34O2yCC/5ylIwkfHjV5pbmHyEtb4YXoWngnPIxgpOr5PsUv95WSQBmeqWCRJDwS+sGZHoKQ==",
      "requires": {
        "@material/theme": "^11.0.0",
        "tslib": "^2.1.0"
      }
    },
    "@material/select": {
      "version": "11.0.0",
      "resolved": "https://registry.npmjs.org/@material/select/-/select-11.0.0.tgz",
      "integrity": "sha512-xAEFYfvm0uOHsM4jZ7LkpxXSwKehIXHabIEe30K3uESZWIoX6G9TT6LPMEgvDC832uQGw6PtTfH/9zgVEYXh6w==",
      "requires": {
        "@material/animation": "^11.0.0",
        "@material/base": "^11.0.0",
        "@material/density": "^11.0.0",
        "@material/dom": "^11.0.0",
        "@material/feature-targeting": "^11.0.0",
        "@material/floating-label": "^11.0.0",
        "@material/line-ripple": "^11.0.0",
        "@material/list": "^11.0.0",
        "@material/menu": "^11.0.0",
        "@material/menu-surface": "^11.0.0",
        "@material/notched-outline": "^11.0.0",
        "@material/ripple": "^11.0.0",
        "@material/rtl": "^11.0.0",
        "@material/shape": "^11.0.0",
        "@material/theme": "^11.0.0",
        "@material/typography": "^11.0.0",
        "tslib": "^2.1.0"
      }
    },
    "@material/shape": {
      "version": "11.0.0",
      "resolved": "https://registry.npmjs.org/@material/shape/-/shape-11.0.0.tgz",
      "integrity": "sha512-O9/Dt/9Nbum1IvxRd4u8gCF4ghk9E55UNp2TGe+RN43zpTUbChh2raOFr3sQeRwLIzlb4wstUG9AxmdktrkDUQ==",
      "requires": {
        "@material/feature-targeting": "^11.0.0",
        "@material/rtl": "^11.0.0",
        "@material/theme": "^11.0.0",
        "tslib": "^2.1.0"
      }
    },
    "@material/theme": {
      "version": "11.0.0",
      "resolved": "https://registry.npmjs.org/@material/theme/-/theme-11.0.0.tgz",
      "integrity": "sha512-GnQI8sd2wHFD3AvmhpyRaH5o9D5Shobs1xDH4FdRU9+c+FNNqouZMDzyM6UpCX4700DzqvE7l0/1LjzB7ve7Lg==",
      "requires": {
        "@material/feature-targeting": "^11.0.0",
        "tslib": "^2.1.0"
      }
    },
    "@material/touch-target": {
      "version": "11.0.0",
      "resolved": "https://registry.npmjs.org/@material/touch-target/-/touch-target-11.0.0.tgz",
      "integrity": "sha512-S1XPYj3Bnkw26nFdYRZ0BHcNLfizF8HBeX9+OR7KuJUKaFB6CN01CtyEmDU3XNI0n140KjMtJnsZykWZommolQ==",
      "requires": {
        "@material/base": "^11.0.0",
        "@material/feature-targeting": "^11.0.0",
        "tslib": "^2.1.0"
      }
    },
    "@material/typography": {
      "version": "11.0.0",
      "resolved": "https://registry.npmjs.org/@material/typography/-/typography-11.0.0.tgz",
      "integrity": "sha512-i9IGO/ZsF+YnqC2+PpJapt/8hSXOKFXaqv6B9uUr+iQ8GD4bEFpxm5kChzH918wJpCHvxbTYbnR6buaF9nkjCQ==",
      "requires": {
        "@material/feature-targeting": "^11.0.0",
        "@material/theme": "^11.0.0",
        "tslib": "^2.1.0"
      }
    },
    "tslib": {
      "version": "2.3.0",
      "resolved": "https://registry.npmjs.org/tslib/-/tslib-2.3.0.tgz",
      "integrity": "sha512-N82ooyxVNm6h1riLCoyS9e3fuJ3AMG2zIZs2Gd1ATcSFjSA23Q0fzjjZeh0jbJvWVDZ0cJT8yaNNaaXHzueNjg=="
    }
  }
}
